
Microsoft Visual Studio Solution File, Format Version 12.00
# Visual Studio 15
VisualStudioVersion = 15.0.28307.852
MinimumVisualStudioVersion = 10.0.40219.1
Project("{FAE04EC0-301F-11D3-BF4B-00C04F79EFBC}") = "QLCT.Android", "QLCT\QLCT.Android\QLCT.Android.csproj", "{86F9F9D9-7998-49BF-A325-11F8B43FCD2D}"
EndProject
Project("{FAE04EC0-301F-11D3-BF4B-00C04F79EFBC}") = "QLCT", "QLCT\QLCT\QLCT.csproj", "{62BDB39E-D040-4E0A-9DAB-7269FC0633F2}"
EndProject
Global
	GlobalSection(SolutionConfigurationPlatforms) = preSolution
		Debug|Any CPU = Debug|Any CPU
		Release|Any CPU = Release|Any CPU
	EndGlobalSection
	GlobalSection(ProjectConfigurationPlatforms) = postSolution
		{86F9F9D9-7998-49BF-A325-11F8B43FCD2D}.Debug|Any CPU.ActiveCfg = Debug|Any CPU
		{86F9F9D9-7998-49BF-A325-11F8B43FCD2D}.Debug|Any CPU.Build.0 = Debug|Any CPU
		{86F9F9D9-7998-49BF-A325-11F8B43FCD2D}.Debug|Any CPU.Deploy.0 = Debug|Any CPU
		{86F9F9D9-7998-49BF-A325-11F8B43FCD2D}.Release|Any CPU.ActiveCfg = Release|Any CPU
		{86F9F9D9-7998-49BF-A325-11F8B43FCD2D}.Release|Any CPU.Build.0 = Release|Any CPU
		{86F9F9D9-7998-49BF-A325-11F8B43FCD2D}.Release|Any CPU.Deploy.0 = Release|Any CPU
		{62BDB39E-D040-4E0A-9DAB-7269FC0633F2}.Debug|Any CPU.ActiveCfg = Debug|Any CPU
		{62BDB39E-D040-4E0A-9DAB-7269FC0633F2}.Debug|Any CPU.Build.0 = Debug|Any CPU
		{62BDB39E-D040-4E0A-9DAB-7269FC0633F2}.Debug|Any CPU.Deploy.0 = Debug|Any CPU
		{62BDB39E-D040-4E0A-9DAB-7269FC0633F2}.Release|Any CPU.ActiveCfg = Release|Any CPU
		{62BDB39E-D040-4E0A-9DAB-7269FC0633F2}.Release|Any CPU.Build.0 = Release|Any CPU
		{62BDB39E-D040-4E0A-9DAB-7269FC0633F2}.Release|Any CPU.Deploy.0 = Release|Any CPU
	EndGlobalSection
	GlobalSection(SolutionProperties) = preSolution
		HideSolutionNode = FALSE
	EndGlobalSection
	GlobalSection(ExtensibilityGlobals) = postSolution
		SolutionGuid = {EA55C79A-70DD-4C24-B0D7-090948E6893D}
	EndGlobalSection
EndGlobal
